
Microsoft Visual Studio Solution File, Format Version 12.00
# Visual Studio Version 16
VisualStudioVersion = 16.0.30804.86
MinimumVisualStudioVersion = 10.0.40219.1
Project("{FAE04EC0-301F-11D3-BF4B-00C04F79EFBC}") = "Dandraka.CRMConnectCore", "Dandraka.CRMConnectCore\Dandraka.CRMConnectCore.csproj", "{D990ACFA-FF64-4E74-B058-6ACFF575BF94}"
EndProject
Project("{FAE04EC0-301F-11D3-BF4B-00C04F79EFBC}") = "Dandraka.CRMConnectCore.Tests", "Dandraka.CRMConnectCore.Tests\Dandraka.CRMConnectCore.Tests.csproj", "{304D922E-1D1B-4582-BBA9-38C620AB8D66}"
EndProject
Global
	GlobalSection(SolutionConfigurationPlatforms) = preSolution
		Debug|Any CPU = Debug|Any CPU
		Release|Any CPU = Release|Any CPU
	EndGlobalSection
	GlobalSection(ProjectConfigurationPlatforms) = postSolution
		{D990ACFA-FF64-4E74-B058-6ACFF575BF94}.Debug|Any CPU.ActiveCfg = Debug|Any CPU
		{D990ACFA-FF64-4E74-B058-6ACFF575BF94}.Debug|Any CPU.Build.0 = Debug|Any CPU
		{D990ACFA-FF64-4E74-B058-6ACFF575BF94}.Release|Any CPU.ActiveCfg = Release|Any CPU
		{D990ACFA-FF64-4E74-B058-6ACFF575BF94}.Release|Any CPU.Build.0 = Release|Any CPU
		{304D922E-1D1B-4582-BBA9-38C620AB8D66}.Debug|Any CPU.ActiveCfg = Debug|Any CPU
		{304D922E-1D1B-4582-BBA9-38C620AB8D66}.Debug|Any CPU.Build.0 = Debug|Any CPU
		{304D922E-1D1B-4582-BBA9-38C620AB8D66}.Release|Any CPU.ActiveCfg = Release|Any CPU
		{304D922E-1D1B-4582-BBA9-38C620AB8D66}.Release|Any CPU.Build.0 = Release|Any CPU
	EndGlobalSection
	GlobalSection(SolutionProperties) = preSolution
		HideSolutionNode = FALSE
	EndGlobalSection
	GlobalSection(ExtensibilityGlobals) = postSolution
		SolutionGuid = {7FC37D16-5F2E-470D-A0D9-CB77E5CCEAF2}
	EndGlobalSection
EndGlobal
